
Microsoft Visual Studio Solution File, Format Version 12.00
# Visual Studio Version 17
VisualStudioVersion = 17.4.33213.308
MinimumVisualStudioVersion = 10.0.40219.1
Project("{FAE04EC0-301F-11D3-BF4B-00C04F79EFBC}") = "rombus", "rombus\rombus.csproj", "{EE8C6625-3DE3-472F-A055-73C817CF825D}"
EndProject
Global
	GlobalSection(SolutionConfigurationPlatforms) = preSolution
		Debug|Any CPU = Debug|Any CPU
		Release|Any CPU = Release|Any CPU
	EndGlobalSection
	GlobalSection(ProjectConfigurationPlatforms) = postSolution
		{EE8C6625-3DE3-472F-A055-73C817CF825D}.Debug|Any CPU.ActiveCfg = Debug|Any CPU
		{EE8C6625-3DE3-472F-A055-73C817CF825D}.Debug|Any CPU.Build.0 = Debug|Any CPU
		{EE8C6625-3DE3-472F-A055-73C817CF825D}.Release|Any CPU.ActiveCfg = Release|Any CPU
		{EE8C6625-3DE3-472F-A055-73C817CF825D}.Release|Any CPU.Build.0 = Release|Any CPU
	EndGlobalSection
	GlobalSection(SolutionProperties) = preSolution
		HideSolutionNode = FALSE
	EndGlobalSection
	GlobalSection(ExtensibilityGlobals) = postSolution
		SolutionGuid = {E9CDA407-4258-4962-A3E2-69F518DA3267}
	EndGlobalSection
EndGlobal
