
Microsoft Visual Studio Solution File, Format Version 12.00
# Visual Studio Version 17
VisualStudioVersion = 17.4.33213.308
MinimumVisualStudioVersion = 10.0.40219.1
Project("{FAE04EC0-301F-11D3-BF4B-00C04F79EFBC}") = "ternarnyu", "ternarnyu\ternarnyu.csproj", "{E4A9BBE4-7746-49EE-9E3B-452B55E23E12}"
EndProject
Global
	GlobalSection(SolutionConfigurationPlatforms) = preSolution
		Debug|Any CPU = Debug|Any CPU
		Release|Any CPU = Release|Any CPU
	EndGlobalSection
	GlobalSection(ProjectConfigurationPlatforms) = postSolution
		{E4A9BBE4-7746-49EE-9E3B-452B55E23E12}.Debug|Any CPU.ActiveCfg = Debug|Any CPU
		{E4A9BBE4-7746-49EE-9E3B-452B55E23E12}.Debug|Any CPU.Build.0 = Debug|Any CPU
		{E4A9BBE4-7746-49EE-9E3B-452B55E23E12}.Release|Any CPU.ActiveCfg = Release|Any CPU
		{E4A9BBE4-7746-49EE-9E3B-452B55E23E12}.Release|Any CPU.Build.0 = Release|Any CPU
	EndGlobalSection
	GlobalSection(SolutionProperties) = preSolution
		HideSolutionNode = FALSE
	EndGlobalSection
	GlobalSection(ExtensibilityGlobals) = postSolution
		SolutionGuid = {14131834-E164-40B7-B38D-89C0EBFA9708}
	EndGlobalSection
EndGlobal
